# THIS IS AN AUTOGENERATED FILE. DO NOT EDIT THIS FILE DIRECTLY.
# yarn lockfile v1


"@babel/runtime@^7.13.10":
  version "7.20.1"
  resolved "https://registry.npmjs.org/@babel/runtime/-/runtime-7.20.1.tgz"
  integrity sha512-mrzLkl6U9YLF8qpqI7TB82PESyEGjm/0Ly91jG575eVxMMlb8fYfOXFZIJ8XfLrJZQbm7dlKry2bJmXBUEkdFg==
  dependencies:
    regenerator-runtime "^0.13.10"

"@next/env@13.0.1":
  version "13.0.1"
  resolved "https://registry.npmjs.org/@next/env/-/env-13.0.1.tgz"
  integrity sha512-gK60YoFae3s8qi5UgIzbvxOhsh5gKyEaiKH5+kLBUYXLlrPyWJR2xKBj2WqvHkO7wDX7/Hed3DAqjSpU4ijIvQ==

"@next/swc-android-arm-eabi@13.0.1":
  version "13.0.1"
  resolved "https://registry.yarnpkg.com/@next/swc-android-arm-eabi/-/swc-android-arm-eabi-13.0.1.tgz#7ce2a7b6576845bc6d7f55504bf9b82a0d9a2792"
  integrity sha512-M28QSbohZlNXNn//HY6lV2T3YaMzG58Jwr0YwOdVmOQv6i+7lu6xe3GqQu4kdqInqhLrBXnL+nabFuGTVSHtTg==

"@next/swc-android-arm64@13.0.1":
  version "13.0.1"
  resolved "https://registry.yarnpkg.com/@next/swc-android-arm64/-/swc-android-arm64-13.0.1.tgz#85a13d7667042394939741be218076e4e83a45a2"
  integrity sha512-szmO/i6GoHcPXcbhUKhwBMETWHNXH3ITz9wfxwOOFBNKdDU8pjKsHL88lg28aOiQYZSU1sxu1v1p9KY5kJIZCg==

"@next/swc-darwin-arm64@13.0.1":
  version "13.0.1"
  resolved "https://registry.yarnpkg.com/@next/swc-darwin-arm64/-/swc-darwin-arm64-13.0.1.tgz#d615d286127bb096a8950a9d7180fcc5d307614d"
  integrity sha512-O1RxCaiDNOjGZmdAp6SQoHUITt9aVDQXoR3lZ/TloI/NKRAyAV4u0KUUofK+KaZeHOmVTnPUaQuCyZSc3i1x5Q==

"@next/swc-darwin-x64@13.0.1":
  version "13.0.1"
  resolved "https://registry.yarnpkg.com/@next/swc-darwin-x64/-/swc-darwin-x64-13.0.1.tgz#f410beb8cbe0e82562226309f8ec8924cc6cb410"
  integrity sha512-8E6BY/VO+QqQkthhoWgB8mJMw1NcN9Vhl2OwEwxv8jy2r3zjeU+WNRxz4y8RLbcY0R1h+vHlXuP0mLnuac84tQ==

"@next/swc-freebsd-x64@13.0.1":
  version "13.0.1"
  resolved "https://registry.yarnpkg.com/@next/swc-freebsd-x64/-/swc-freebsd-x64-13.0.1.tgz#16eb9652d3f638305ca16b558408f5bc5eb6edde"
  integrity sha512-ocwoOxm2KVwF50RyoAT+2RQPLlkyoF7sAqzMUVgj+S6+DTkY3iwH+Zpo0XAk2pnqT9qguOrKnEpq9EIx//+K7Q==

"@next/swc-linux-arm-gnueabihf@13.0.1":
  version "13.0.1"
  resolved "https://registry.yarnpkg.com/@next/swc-linux-arm-gnueabihf/-/swc-linux-arm-gnueabihf-13.0.1.tgz#0da0700ccf654f813b4c86d057a998598a2fd427"
  integrity sha512-yO7e3zITfGol/N6lPQnmIRi0WyuILBMXrvH6EdmWzzqMDJFfTCII6l+B6gMO5WVDCTQUGQlQRNZ7sFqWR4I71g==

"@next/swc-linux-arm64-gnu@13.0.1":
  version "13.0.1"
  resolved "https://registry.yarnpkg.com/@next/swc-linux-arm64-gnu/-/swc-linux-arm64-gnu-13.0.1.tgz#f34759cd41086f5b8b582081b2af54f67dc544ae"
  integrity sha512-OEs6WDPDI8RyM8SjOqTDMqMBfOlU97VnW6ZMXUvzUTyH0K9c7NF+cn7UMu+I4tKFN0uJ9WQs/6TYaFBGkgoVVA==

"@next/swc-linux-arm64-musl@13.0.1":
  version "13.0.1"
  resolved "https://registry.yarnpkg.com/@next/swc-linux-arm64-musl/-/swc-linux-arm64-musl-13.0.1.tgz#bcfbf1cdfb9f4d632e7ebd67fd62b768cdd08cb7"
  integrity sha512-y5ypFK0Y3urZSFoQxbtDqvKsBx026sz+Fm+xHlPWlGHNZrbs3Q812iONjcZTo09QwRMk5X86iMWBRxV18xMhaw==

"@next/swc-linux-x64-gnu@13.0.1":
  version "13.0.1"
  resolved "https://registry.yarnpkg.com/@next/swc-linux-x64-gnu/-/swc-linux-x64-gnu-13.0.1.tgz#ed77528d4a3195d5e57d5d94d12cb2206c2b19ac"
  integrity sha512-XDIHEE6SU8VCF+dUVntD6PDv6RK31N0forx9kucZBYirbe8vCZ+Yx8hYgvtIaGrTcWtGxibxmND0pIuHDq8H5g==

"@next/swc-linux-x64-musl@13.0.1":
  version "13.0.1"
  resolved "https://registry.yarnpkg.com/@next/swc-linux-x64-musl/-/swc-linux-x64-musl-13.0.1.tgz#74cda49229d2a7fa421fee6b7dcd621a57934a5e"
  integrity sha512-yxIOuuz5EOx0F1FDtsyzaLgnDym0Ysxv8CWeJyDTKKmt9BVyITg6q/cD+RP9bEkT1TQi+PYXIMATSz675Q82xw==

"@next/swc-win32-arm64-msvc@13.0.1":
  version "13.0.1"
  resolved "https://registry.yarnpkg.com/@next/swc-win32-arm64-msvc/-/swc-win32-arm64-msvc-13.0.1.tgz#15d6add92aa897148d6c45749bf9d2eacee87197"
  integrity sha512-+ucLe2qgQzP+FM94jD4ns6LDGyMFaX9k3lVHqu/tsQCy2giMymbport4y4p77mYcXEMlDaHMzlHgOQyHRniWFA==

"@next/swc-win32-ia32-msvc@13.0.1":
  version "13.0.1"
  resolved "https://registry.yarnpkg.com/@next/swc-win32-ia32-msvc/-/swc-win32-ia32-msvc-13.0.1.tgz#e0c57902fe75327d092abb1ef19657775fe26f85"
  integrity sha512-Krr/qGN7OB35oZuvMAZKoXDt2IapynIWLh5A5rz6AODb7f/ZJqyAuZSK12vOa2zKdobS36Qm4IlxxBqn9c00MA==

"@next/swc-win32-x64-msvc@13.0.1":
  version "13.0.1"
  resolved "https://registry.npmjs.org/@next/swc-win32-x64-msvc/-/swc-win32-x64-msvc-13.0.1.tgz"
  integrity sha512-t/0G33t/6VGWZUGCOT7rG42qqvf/x+MrFp1CU+8CN6PrjSSL57R5bqkXfubV9t4eCEnUxVP+5Hn3MoEXEebtEw==

"@notionhq/client@^2.2.2":
  version "2.2.2"
  resolved "https://registry.yarnpkg.com/@notionhq/client/-/client-2.2.2.tgz#621eab5788fd1aca67d53454871bbf4122e651ba"
  integrity sha512-L7TB+UyhnWTSv1ek7xzGr9+mS9o76qMKnZ8Ag8H2q6QgvywAiPOFcE3ulWI/1AnMewGVRqwb30agPHMVRY/K/w==
  dependencies:
    "@types/node-fetch" "^2.5.10"
    node-fetch "^2.6.1"

"@radix-ui/primitive@1.0.0":
  version "1.0.0"
  resolved "https://registry.npmjs.org/@radix-ui/primitive/-/primitive-1.0.0.tgz"
  integrity sha512-3e7rn8FDMin4CgeL7Z/49smCA3rFYY3Ha2rUQ7HRWFadS5iCRw08ZgVT1LaNTCNqgvrUiyczLflrVrF0SRQtNA==
  dependencies:
    "@babel/runtime" "^7.13.10"

"@radix-ui/react-compose-refs@1.0.0":
  version "1.0.0"
  resolved "https://registry.npmjs.org/@radix-ui/react-compose-refs/-/react-compose-refs-1.0.0.tgz"
  integrity sha512-0KaSv6sx787/hK3eF53iOkiSLwAGlFMx5lotrqD2pTjB18KbybKoEIgkNZTKC60YECDQTKGTRcDBILwZVqVKvA==
  dependencies:
    "@babel/runtime" "^7.13.10"

"@radix-ui/react-context@1.0.0":
  version "1.0.0"
  resolved "https://registry.npmjs.org/@radix-ui/react-context/-/react-context-1.0.0.tgz"
  integrity sha512-1pVM9RfOQ+n/N5PJK33kRSKsr1glNxomxONs5c49MliinBY6Yw2Q995qfBUUo0/Mbg05B/sGA0gkgPI7kmSHBg==
  dependencies:
    "@babel/runtime" "^7.13.10"

"@radix-ui/react-dialog@^1.0.2":
  version "1.0.2"
  resolved "https://registry.npmjs.org/@radix-ui/react-dialog/-/react-dialog-1.0.2.tgz"
  integrity sha512-EKxxp2WNSmUPkx4trtWNmZ4/vAYEg7JkAfa1HKBUnaubw9eHzf1Orr9B472lJYaYz327RHDrd4R95fsw7VR8DA==
  dependencies:
    "@babel/runtime" "^7.13.10"
    "@radix-ui/primitive" "1.0.0"
    "@radix-ui/react-compose-refs" "1.0.0"
    "@radix-ui/react-context" "1.0.0"
    "@radix-ui/react-dismissable-layer" "1.0.2"
    "@radix-ui/react-focus-guards" "1.0.0"
    "@radix-ui/react-focus-scope" "1.0.1"
    "@radix-ui/react-id" "1.0.0"
    "@radix-ui/react-portal" "1.0.1"
    "@radix-ui/react-presence" "1.0.0"
    "@radix-ui/react-primitive" "1.0.1"
    "@radix-ui/react-slot" "1.0.1"
    "@radix-ui/react-use-controllable-state" "1.0.0"
    aria-hidden "^1.1.1"
    react-remove-scroll "2.5.5"

"@radix-ui/react-dismissable-layer@1.0.2":
  version "1.0.2"
  resolved "https://registry.npmjs.org/@radix-ui/react-dismissable-layer/-/react-dismissable-layer-1.0.2.tgz"
  integrity sha512-WjJzMrTWROozDqLB0uRWYvj4UuXsM/2L19EmQ3Au+IJWqwvwq9Bwd+P8ivo0Deg9JDPArR1I6MbWNi1CmXsskg==
  dependencies:
    "@babel/runtime" "^7.13.10"
    "@radix-ui/primitive" "1.0.0"
    "@radix-ui/react-compose-refs" "1.0.0"
    "@radix-ui/react-primitive" "1.0.1"
    "@radix-ui/react-use-callback-ref" "1.0.0"
    "@radix-ui/react-use-escape-keydown" "1.0.2"

"@radix-ui/react-focus-guards@1.0.0":
  version "1.0.0"
  resolved "https://registry.npmjs.org/@radix-ui/react-focus-guards/-/react-focus-guards-1.0.0.tgz"
  integrity sha512-UagjDk4ijOAnGu4WMUPj9ahi7/zJJqNZ9ZAiGPp7waUWJO0O1aWXi/udPphI0IUjvrhBsZJGSN66dR2dsueLWQ==
  dependencies:
    "@babel/runtime" "^7.13.10"

"@radix-ui/react-focus-scope@1.0.1":
  version "1.0.1"
  resolved "https://registry.npmjs.org/@radix-ui/react-focus-scope/-/react-focus-scope-1.0.1.tgz"
  integrity sha512-Ej2MQTit8IWJiS2uuujGUmxXjF/y5xZptIIQnyd2JHLwtV0R2j9NRVoRj/1j/gJ7e3REdaBw4Hjf4a1ImhkZcQ==
  dependencies:
    "@babel/runtime" "^7.13.10"
    "@radix-ui/react-compose-refs" "1.0.0"
    "@radix-ui/react-primitive" "1.0.1"
    "@radix-ui/react-use-callback-ref" "1.0.0"

"@radix-ui/react-id@1.0.0":
  version "1.0.0"
  resolved "https://registry.npmjs.org/@radix-ui/react-id/-/react-id-1.0.0.tgz"
  integrity sha512-Q6iAB/U7Tq3NTolBBQbHTgclPmGWE3OlktGGqrClPozSw4vkQ1DfQAOtzgRPecKsMdJINE05iaoDUG8tRzCBjw==
  dependencies:
    "@babel/runtime" "^7.13.10"
    "@radix-ui/react-use-layout-effect" "1.0.0"

"@radix-ui/react-portal@1.0.1":
  version "1.0.1"
  resolved "https://registry.npmjs.org/@radix-ui/react-portal/-/react-portal-1.0.1.tgz"
  integrity sha512-NY2vUWI5WENgAT1nfC6JS7RU5xRYBfjZVLq0HmgEN1Ezy3rk/UruMV4+Rd0F40PEaFC5SrLS1ixYvcYIQrb4Ig==
  dependencies:
    "@babel/runtime" "^7.13.10"
    "@radix-ui/react-primitive" "1.0.1"

"@radix-ui/react-presence@1.0.0":
  version "1.0.0"
  resolved "https://registry.npmjs.org/@radix-ui/react-presence/-/react-presence-1.0.0.tgz"
  integrity sha512-A+6XEvN01NfVWiKu38ybawfHsBjWum42MRPnEuqPsBZ4eV7e/7K321B5VgYMPv3Xx5An6o1/l9ZuDBgmcmWK3w==
  dependencies:
    "@babel/runtime" "^7.13.10"
    "@radix-ui/react-compose-refs" "1.0.0"
    "@radix-ui/react-use-layout-effect" "1.0.0"

"@radix-ui/react-primitive@1.0.1":
  version "1.0.1"
  resolved "https://registry.npmjs.org/@radix-ui/react-primitive/-/react-primitive-1.0.1.tgz"
  integrity sha512-fHbmislWVkZaIdeF6GZxF0A/NH/3BjrGIYj+Ae6eTmTCr7EB0RQAAVEiqsXK6p3/JcRqVSBQoceZroj30Jj3XA==
  dependencies:
    "@babel/runtime" "^7.13.10"
    "@radix-ui/react-slot" "1.0.1"

"@radix-ui/react-slot@1.0.1":
  version "1.0.1"
  resolved "https://registry.npmjs.org/@radix-ui/react-slot/-/react-slot-1.0.1.tgz"
  integrity sha512-avutXAFL1ehGvAXtPquu0YK5oz6ctS474iM3vNGQIkswrVhdrS52e3uoMQBzZhNRAIE0jBnUyXWNmSjGHhCFcw==
  dependencies:
    "@babel/runtime" "^7.13.10"
    "@radix-ui/react-compose-refs" "1.0.0"

"@radix-ui/react-use-callback-ref@1.0.0":
  version "1.0.0"
  resolved "https://registry.npmjs.org/@radix-ui/react-use-callback-ref/-/react-use-callback-ref-1.0.0.tgz"
  integrity sha512-GZtyzoHz95Rhs6S63D2t/eqvdFCm7I+yHMLVQheKM7nBD8mbZIt+ct1jz4536MDnaOGKIxynJ8eHTkVGVVkoTg==
  dependencies:
    "@babel/runtime" "^7.13.10"

"@radix-ui/react-use-controllable-state@1.0.0":
  version "1.0.0"
  resolved "https://registry.npmjs.org/@radix-ui/react-use-controllable-state/-/react-use-controllable-state-1.0.0.tgz"
  integrity sha512-FohDoZvk3mEXh9AWAVyRTYR4Sq7/gavuofglmiXB2g1aKyboUD4YtgWxKj8O5n+Uak52gXQ4wKz5IFST4vtJHg==
  dependencies:
    "@babel/runtime" "^7.13.10"
    "@radix-ui/react-use-callback-ref" "1.0.0"

"@radix-ui/react-use-escape-keydown@1.0.2":
  version "1.0.2"
  resolved "https://registry.npmjs.org/@radix-ui/react-use-escape-keydown/-/react-use-escape-keydown-1.0.2.tgz"
  integrity sha512-DXGim3x74WgUv+iMNCF+cAo8xUHHeqvjx8zs7trKf+FkQKPQXLk2sX7Gx1ysH7Q76xCpZuxIJE7HLPxRE+Q+GA==
  dependencies:
    "@babel/runtime" "^7.13.10"
    "@radix-ui/react-use-callback-ref" "1.0.0"

"@radix-ui/react-use-layout-effect@1.0.0":
  version "1.0.0"
  resolved "https://registry.npmjs.org/@radix-ui/react-use-layout-effect/-/react-use-layout-effect-1.0.0.tgz"
  integrity sha512-6Tpkq+R6LOlmQb1R5NNETLG0B4YP0wc+klfXafpUCj6JGyaUc8il7/kUZ7m59rGbXGczE9Bs+iz2qloqsZBduQ==
  dependencies:
    "@babel/runtime" "^7.13.10"

"@stitches/react@^1.2.8":
  version "1.2.8"
  resolved "https://registry.npmjs.org/@stitches/react/-/react-1.2.8.tgz"
  integrity sha512-9g9dWI4gsSVe8bNLlb+lMkBYsnIKCZTmvqvDG+Avnn69XfmHZKiaMrx7cgTaddq7aTPPmXiTsbFcUy0xgI4+wA==

"@swc/helpers@0.4.11":
  version "0.4.11"
  resolved "https://registry.npmjs.org/@swc/helpers/-/helpers-0.4.11.tgz"
  integrity sha512-rEUrBSGIoSFuYxwBYtlUFMlE2CwGhmW+w9355/5oduSw8e5h2+Tj4UrAGNNgP9915++wj5vkQo0UuOBqOAq4nw==
  dependencies:
    tslib "^2.4.0"

"@types/node-fetch@^2.5.10":
  version "2.6.2"
  resolved "https://registry.yarnpkg.com/@types/node-fetch/-/node-fetch-2.6.2.tgz#d1a9c5fd049d9415dce61571557104dec3ec81da"
  integrity sha512-DHqhlq5jeESLy19TYhLakJ07kNumXWjcDdxXsLUMJZ6ue8VZJj4kLPQVE/2mdHh3xZziNF1xppu5lwmS53HR+A==
  dependencies:
    "@types/node" "*"
    form-data "^3.0.0"

"@types/node@*", "@types/node@18.11.9":
  version "18.11.9"
  resolved "https://registry.npmjs.org/@types/node/-/node-18.11.9.tgz"
  integrity sha512-CRpX21/kGdzjOpFsZSkcrXMGIBWMGNIHXXBVFSH+ggkftxg+XYP20TESbh+zFvFj3EQOl5byk0HTRn1IL6hbqg==

"@types/prop-types@*":
  version "15.7.5"
  resolved "https://registry.npmjs.org/@types/prop-types/-/prop-types-15.7.5.tgz"
  integrity sha512-JCB8C6SnDoQf0cNycqd/35A7MjcnK+ZTqE7judS6o7utxUCg6imJg3QK2qzHKszlTjcj2cn+NwMB2i96ubpj7w==

"@types/react-dom@18.0.8":
  version "18.0.8"
  resolved "https://registry.npmjs.org/@types/react-dom/-/react-dom-18.0.8.tgz"
  integrity sha512-C3GYO0HLaOkk9dDAz3Dl4sbe4AKUGTCfFIZsz3n/82dPNN8Du533HzKatDxeUYWu24wJgMP1xICqkWk1YOLOIw==
  dependencies:
    "@types/react" "*"

"@types/react@*", "@types/react@18.0.24":
  version "18.0.24"
  resolved "https://registry.npmjs.org/@types/react/-/react-18.0.24.tgz"
  integrity sha512-wRJWT6ouziGUy+9uX0aW4YOJxAY0bG6/AOk5AW5QSvZqI7dk6VBIbXvcVgIw/W5Jrl24f77df98GEKTJGOLx7Q==
  dependencies:
    "@types/prop-types" "*"
    "@types/scheduler" "*"
    csstype "^3.0.2"

"@types/scheduler@*":
  version "0.16.2"
  resolved "https://registry.npmjs.org/@types/scheduler/-/scheduler-0.16.2.tgz"
  integrity sha512-hppQEBDmlwhFAXKJX2KnWLYu5yMfi91yazPb2l+lbJiwW+wdo1gNeRA+3RgNSO39WYX2euey41KEwnqesU2Jew==

"@types/uuid@^8.3.4":
  version "8.3.4"
  resolved "https://registry.npmjs.org/@types/uuid/-/uuid-8.3.4.tgz"
  integrity sha512-c/I8ZRb51j+pYGAu5CrFMRxqZ2ke4y2grEBO5AUjgSkSk+qT2Ea+OdWElz/OiMf5MNpn2b17kuVBwZLQJXzihw==

aria-hidden@^1.1.1:
  version "1.2.1"
  resolved "https://registry.npmjs.org/aria-hidden/-/aria-hidden-1.2.1.tgz"
  integrity sha512-PN344VAf9j1EAi+jyVHOJ8XidQdPVssGco39eNcsGdM4wcsILtxrKLkbuiMfLWYROK1FjRQasMWCBttrhjnr6A==
  dependencies:
    tslib "^2.0.0"

asynckit@^0.4.0:
  version "0.4.0"
  resolved "https://registry.yarnpkg.com/asynckit/-/asynckit-0.4.0.tgz#c79ed97f7f34cb8f2ba1bc9790bcc366474b4b79"
  integrity sha512-Oei9OH4tRh0YqU3GxhX79dM/mwVgvbZJaSNaRk+bshkj0S5cfHcgYakreBjrHwatXKbz+IoIdYLxrKim2MjW0Q==

caniuse-lite@^1.0.30001406:
  version "1.0.30001429"
  resolved "https://registry.npmjs.org/caniuse-lite/-/caniuse-lite-1.0.30001429.tgz"
  integrity sha512-511ThLu1hF+5RRRt0zYCf2U2yRr9GPF6m5y90SBCWsvSoYoW7yAGlv/elyPaNfvGCkp6kj/KFZWU0BMA69Prsg==

client-only@0.0.1:
  version "0.0.1"
  resolved "https://registry.npmjs.org/client-only/-/client-only-0.0.1.tgz"
  integrity sha512-IV3Ou0jSMzZrd3pZ48nLkT9DA7Ag1pnPzaiQhpW7c3RbcqqzvzzVu+L8gfqMp/8IM2MQtSiqaCxrrcfu8I8rMA==

combined-stream@^1.0.8:
  version "1.0.8"
  resolved "https://registry.yarnpkg.com/combined-stream/-/combined-stream-1.0.8.tgz#c3d45a8b34fd730631a110a8a2520682b31d5a7f"
  integrity sha512-FQN4MRfuJeHf7cBbBMJFXhKSDq+2kAArBlmRBvcvFE5BB1HZKXtSFASDhdlz9zOYwxh8lDdnvmMOe/+5cdoEdg==
  dependencies:
    delayed-stream "~1.0.0"

csstype@^3.0.2:
  version "3.1.1"
  resolved "https://registry.npmjs.org/csstype/-/csstype-3.1.1.tgz"
  integrity sha512-DJR/VvkAvSZW9bTouZue2sSxDwdTN92uHjqeKVm+0dAqdfNykRzQ95tay8aXMBAAPpUiq4Qcug2L7neoRh2Egw==

delayed-stream@~1.0.0:
  version "1.0.0"
  resolved "https://registry.yarnpkg.com/delayed-stream/-/delayed-stream-1.0.0.tgz#df3ae199acadfb7d440aaae0b29e2272b24ec619"
  integrity sha512-ZySD7Nf91aLB0RxL4KGrKHBXl7Eds1DAmEdcoVawXnLD7SDhpNgtuII2aAkg7a7QS41jxPSZ17p4VdGnMHk3MQ==

detect-node-es@^1.1.0:
  version "1.1.0"
  resolved "https://registry.npmjs.org/detect-node-es/-/detect-node-es-1.1.0.tgz"
  integrity sha512-ypdmJU/TbBby2Dxibuv7ZLW3Bs1QEmM7nHjEANfohJLvE0XVujisn1qPJcZxg+qDucsr+bP6fLD1rPS3AhJ7EQ==

form-data@^3.0.0:
  version "3.0.1"
  resolved "https://registry.yarnpkg.com/form-data/-/form-data-3.0.1.tgz#ebd53791b78356a99af9a300d4282c4d5eb9755f"
  integrity sha512-RHkBKtLWUVwd7SqRIvCZMEvAMoGUp0XU+seQiZejj0COz3RI3hWP4sCv3gZWWLjJTd7rGwcsF5eKZGii0r/hbg==
  dependencies:
    asynckit "^0.4.0"
    combined-stream "^1.0.8"
    mime-types "^2.1.12"

get-nonce@^1.0.0:
  version "1.0.1"
  resolved "https://registry.npmjs.org/get-nonce/-/get-nonce-1.0.1.tgz"
  integrity sha512-FJhYRoDaiatfEkUK8HKlicmu/3SGFD51q3itKDGoSTysQJBnfOcxU5GxnhE1E6soB76MbT0MBtnKJuXyAx+96Q==

install@^0.13.0:
  version "0.13.0"
  resolved "https://registry.yarnpkg.com/install/-/install-0.13.0.tgz#6af6e9da9dd0987de2ab420f78e60d9c17260776"
  integrity sha512-zDml/jzr2PKU9I8J/xyZBQn8rPCAY//UOYNmR01XwNwyfhEWObo2SWfSl1+0tm1u6PhxLwDnfsT/6jB7OUxqFA==

invariant@^2.2.4:
  version "2.2.4"
  resolved "https://registry.npmjs.org/invariant/-/invariant-2.2.4.tgz"
  integrity sha512-phJfQVBuaJM5raOpJjSfkiD6BpbCE4Ns//LaXl6wGYtUBY83nWS6Rf9tXm2e8VaK60JEjYldbPif/A2B1C2gNA==
  dependencies:
    loose-envify "^1.0.0"

"js-tokens@^3.0.0 || ^4.0.0":
  version "4.0.0"
  resolved "https://registry.npmjs.org/js-tokens/-/js-tokens-4.0.0.tgz"
  integrity sha512-RdJUflcE3cUzKiMqQgsCu06FPu9UdIJO0beYbPhHN4k6apgJtifcoCtT9bcxOpYBtpD2kCM6Sbzg4CausW/PKQ==

loose-envify@^1.0.0, loose-envify@^1.1.0:
  version "1.4.0"
  resolved "https://registry.npmjs.org/loose-envify/-/loose-envify-1.4.0.tgz"
  integrity sha512-lyuxPGr/Wfhrlem2CL/UcnUc1zcqKAImBDzukY7Y5F/yQiNdko6+fRLevlw1HgMySw7f611UIY408EtxRSoK3Q==
  dependencies:
    js-tokens "^3.0.0 || ^4.0.0"

mime-db@1.52.0:
  version "1.52.0"
  resolved "https://registry.yarnpkg.com/mime-db/-/mime-db-1.52.0.tgz#bbabcdc02859f4987301c856e3387ce5ec43bf70"
  integrity sha512-sPU4uV7dYlvtWJxwwxHD0PuihVNiE7TyAbQ5SWxDCB9mUYvOgroQOwYQQOKPJ8CIbE+1ETVlOoK1UC2nU3gYvg==

mime-types@^2.1.12:
  version "2.1.35"
  resolved "https://registry.yarnpkg.com/mime-types/-/mime-types-2.1.35.tgz#381a871b62a734450660ae3deee44813f70d959a"
  integrity sha512-ZDY+bPm5zTTF+YpCrAU9nK0UgICYPT0QtT1NZWFv4s++TNkcgVaT0g6+4R2uI4MjQjzysHB1zxuWL50hzaeXiw==
  dependencies:
    mime-db "1.52.0"

nanoid@^3.3.4:
  version "3.3.4"
  resolved "https://registry.npmjs.org/nanoid/-/nanoid-3.3.4.tgz"
  integrity sha512-MqBkQh/OHTS2egovRtLk45wEyNXwF+cokD+1YPf9u5VfJiRdAiRwB2froX5Co9Rh20xs4siNPm8naNotSD6RBw==

next@13.0.1:
  version "13.0.1"
  resolved "https://registry.npmjs.org/next/-/next-13.0.1.tgz"
  integrity sha512-ErCNBPIeZMKFn6hX+ZBSlqZVgJIeitEqhGTuQUNmYXJ07/A71DZ7AJI8eyHYUdBb686LUpV1/oBdTq9RpzRVPg==
  dependencies:
    "@next/env" "13.0.1"
    "@swc/helpers" "0.4.11"
    caniuse-lite "^1.0.30001406"
    postcss "8.4.14"
    styled-jsx "5.1.0"
    use-sync-external-store "1.2.0"
  optionalDependencies:
    "@next/swc-android-arm-eabi" "13.0.1"
    "@next/swc-android-arm64" "13.0.1"
    "@next/swc-darwin-arm64" "13.0.1"
    "@next/swc-darwin-x64" "13.0.1"
    "@next/swc-freebsd-x64" "13.0.1"
    "@next/swc-linux-arm-gnueabihf" "13.0.1"
    "@next/swc-linux-arm64-gnu" "13.0.1"
    "@next/swc-linux-arm64-musl" "13.0.1"
    "@next/swc-linux-x64-gnu" "13.0.1"
    "@next/swc-linux-x64-musl" "13.0.1"
    "@next/swc-win32-arm64-msvc" "13.0.1"
    "@next/swc-win32-ia32-msvc" "13.0.1"
    "@next/swc-win32-x64-msvc" "13.0.1"

node-fetch@^2.6.1:
  version "2.6.7"
  resolved "https://registry.yarnpkg.com/node-fetch/-/node-fetch-2.6.7.tgz#24de9fba827e3b4ae44dc8b20256a379160052ad"
  integrity sha512-ZjMPFEfVx5j+y2yF35Kzx5sF7kDzxuDj6ziH4FFbOp87zKDZNx8yExJIb05OGF4Nlt9IHFIMBkRl41VdvcNdbQ==
  dependencies:
    whatwg-url "^5.0.0"

picocolors@^1.0.0:
  version "1.0.0"
  resolved "https://registry.npmjs.org/picocolors/-/picocolors-1.0.0.tgz"
  integrity sha512-1fygroTLlHu66zi26VoTDv8yRgm0Fccecssto+MhsZ0D/DGW2sm8E8AjW7NU5VVTRt5GxbeZ5qBuJr+HyLYkjQ==

postcss@8.4.14:
  version "8.4.14"
  resolved "https://registry.npmjs.org/postcss/-/postcss-8.4.14.tgz"
  integrity sha512-E398TUmfAYFPBSdzgeieK2Y1+1cpdxJx8yXbK/m57nRhKSmk1GB2tO4lbLBtlkfPQTDKfe4Xqv1ASWPpayPEig==
  dependencies:
    nanoid "^3.3.4"
    picocolors "^1.0.0"
    source-map-js "^1.0.2"

react-dom@18.2.0:
  version "18.2.0"
  resolved "https://registry.npmjs.org/react-dom/-/react-dom-18.2.0.tgz"
  integrity sha512-6IMTriUmvsjHUjNtEDudZfuDQUoWXVxKHhlEGSk81n4YFS+r/Kl99wXiwlVXtPBtJenozv2P+hxDsw9eA7Xo6g==
  dependencies:
    loose-envify "^1.1.0"
    scheduler "^0.23.0"

react-remove-scroll-bar@^2.3.3:
  version "2.3.4"
  resolved "https://registry.npmjs.org/react-remove-scroll-bar/-/react-remove-scroll-bar-2.3.4.tgz"
  integrity sha512-63C4YQBUt0m6ALadE9XV56hV8BgJWDmmTPY758iIJjfQKt2nYwoUrPk0LXRXcB/yIj82T1/Ixfdpdk68LwIB0A==
  dependencies:
    react-style-singleton "^2.2.1"
    tslib "^2.0.0"

react-remove-scroll@2.5.5:
  version "2.5.5"
  resolved "https://registry.npmjs.org/react-remove-scroll/-/react-remove-scroll-2.5.5.tgz"
  integrity sha512-ImKhrzJJsyXJfBZ4bzu8Bwpka14c/fQt0k+cyFp/PBhTfyDnU5hjOtM4AG/0AMyy8oKzOTR0lDgJIM7pYXI0kw==
  dependencies:
    react-remove-scroll-bar "^2.3.3"
    react-style-singleton "^2.2.1"
    tslib "^2.1.0"
    use-callback-ref "^1.3.0"
    use-sidecar "^1.1.2"

react-style-singleton@^2.2.1:
  version "2.2.1"
  resolved "https://registry.npmjs.org/react-style-singleton/-/react-style-singleton-2.2.1.tgz"
  integrity sha512-ZWj0fHEMyWkHzKYUr2Bs/4zU6XLmq9HsgBURm7g5pAVfyn49DgUiNgY2d4lXRlYSiCif9YBGpQleewkcqddc7g==
  dependencies:
    get-nonce "^1.0.0"
    invariant "^2.2.4"
    tslib "^2.0.0"

react@18.2.0:
  version "18.2.0"
  resolved "https://registry.npmjs.org/react/-/react-18.2.0.tgz"
  integrity sha512-/3IjMdb2L9QbBdWiW5e3P2/npwMBaU9mHCSCUzNln0ZCYbcfTsGbTJrU/kGemdH2IWmB2ioZ+zkxtmq6g09fGQ==
  dependencies:
    loose-envify "^1.1.0"

regenerator-runtime@^0.13.10:
  version "0.13.10"
  resolved "https://registry.npmjs.org/regenerator-runtime/-/regenerator-runtime-0.13.10.tgz"
  integrity sha512-KepLsg4dU12hryUO7bp/axHAKvwGOCV0sGloQtpagJ12ai+ojVDqkeGSiRX1zlq+kjIMZ1t7gpze+26QqtdGqw==

scheduler@^0.23.0:
  version "0.23.0"
  resolved "https://registry.npmjs.org/scheduler/-/scheduler-0.23.0.tgz"
  integrity sha512-CtuThmgHNg7zIZWAXi3AsyIzA3n4xx7aNyjwC2VJldO2LMVDhFK+63xGqq6CsJH4rTAt6/M+N4GhZiDYPx9eUw==
  dependencies:
    loose-envify "^1.1.0"

source-map-js@^1.0.2:
  version "1.0.2"
  resolved "https://registry.npmjs.org/source-map-js/-/source-map-js-1.0.2.tgz"
  integrity sha512-R0XvVJ9WusLiqTCEiGCmICCMplcCkIwwR11mOSD9CR5u+IXYdiseeEuXCVAjS54zqwkLcPNnmU4OeJ6tUrWhDw==

styled-jsx@5.1.0:
  version "5.1.0"
  resolved "https://registry.npmjs.org/styled-jsx/-/styled-jsx-5.1.0.tgz"
  integrity sha512-/iHaRJt9U7T+5tp6TRelLnqBqiaIT0HsO0+vgyj8hK2KUk7aejFqRrumqPUlAqDwAj8IbS/1hk3IhBAAK/FCUQ==
  dependencies:
    client-only "0.0.1"

tr46@~0.0.3:
  version "0.0.3"
  resolved "https://registry.yarnpkg.com/tr46/-/tr46-0.0.3.tgz#8184fd347dac9cdc185992f3a6622e14b9d9ab6a"
  integrity sha512-N3WMsuqV66lT30CrXNbEjx4GEwlow3v6rr4mCcv6prnfwhS01rkgyFdjPNBYd9br7LpXV1+Emh01fHnq2Gdgrw==

tslib@^2.0.0, tslib@^2.1.0, tslib@^2.4.0:
  version "2.4.1"
  resolved "https://registry.npmjs.org/tslib/-/tslib-2.4.1.tgz"
  integrity sha512-tGyy4dAjRIEwI7BzsB0lynWgOpfqjUdq91XXAlIWD2OwKBH7oCl/GZG/HT4BOHrTlPMOASlMQ7veyTqpmRcrNA==

typescript@4.8.4:
  version "4.8.4"
  resolved "https://registry.npmjs.org/typescript/-/typescript-4.8.4.tgz"
  integrity sha512-QCh+85mCy+h0IGff8r5XWzOVSbBO+KfeYrMQh7NJ58QujwcE22u+NUSmUxqF+un70P9GXKxa2HCNiTTMJknyjQ==

use-callback-ref@^1.3.0:
  version "1.3.0"
  resolved "https://registry.npmjs.org/use-callback-ref/-/use-callback-ref-1.3.0.tgz"
  integrity sha512-3FT9PRuRdbB9HfXhEq35u4oZkvpJ5kuYbpqhCfmiZyReuRgpnhDlbr2ZEnnuS0RrJAPn6l23xjFg9kpDM+Ms7w==
  dependencies:
    tslib "^2.0.0"

use-sidecar@^1.1.2:
  version "1.1.2"
  resolved "https://registry.npmjs.org/use-sidecar/-/use-sidecar-1.1.2.tgz"
  integrity sha512-epTbsLuzZ7lPClpz2TyryBfztm7m+28DlEv2ZCQ3MDr5ssiwyOwGH/e5F9CkfWjJ1t4clvI58yF822/GUkjjhw==
  dependencies:
    detect-node-es "^1.1.0"
    tslib "^2.0.0"

use-sync-external-store@1.2.0:
  version "1.2.0"
  resolved "https://registry.npmjs.org/use-sync-external-store/-/use-sync-external-store-1.2.0.tgz"
  integrity sha512-eEgnFxGQ1Ife9bzYs6VLi8/4X6CObHMw9Qr9tPY43iKwsPw8xE8+EFsf/2cFZ5S3esXgpWgtSCtLNS41F+sKPA==

webidl-conversions@^3.0.0:
  version "3.0.1"
  resolved "https://registry.yarnpkg.com/webidl-conversions/-/webidl-conversions-3.0.1.tgz#24534275e2a7bc6be7bc86611cc16ae0a5654871"
  integrity sha512-2JAn3z8AR6rjK8Sm8orRC0h/bcl/DqL7tRPdGZ4I1CjdF+EaMLmYxBHyXuKL849eucPFhvBoxMsflfOb8kxaeQ==

whatwg-url@^5.0.0:
  version "5.0.0"
  resolved "https://registry.yarnpkg.com/whatwg-url/-/whatwg-url-5.0.0.tgz#966454e8765462e37644d3626f6742ce8b70965d"
  integrity sha512-saE57nupxk6v3HY35+jzBwYa0rKSy0XR8JSxZPwgLr7ys0IBzhGviA1/TUGJLmSVqs8pb9AnvICXEuOHLprYTw==
  dependencies:
    tr46 "~0.0.3"
    webidl-conversions "^3.0.0"
